PODS:
  - Alamofire (5.2.2)
  - Kingfisher (5.14.1):
    - Kingfisher/Core (= 5.14.1)
  - Kingfisher/Core (5.14.1)

DEPENDENCIES:
  - Alamofire (~> 5.2)
  - Kingfisher (~> 5.0)

SPEC REPOS:
  trunk:
    - Alamofire
    - Kingfisher

SPEC CHECKSUMS:
  Alamofire: 814429acc853c6c54ff123fc3d2ef66803823ce0
  Kingfisher: 8050bc6f7f68cbf3908bd04df7ccbac188f6d6d6

PODFILE CHECKSUM: b09f6e73111ce9ffa8cb1755a49b2d86f248cf3b

COCOAPODS: 1.9.3
